lockfileVersion: '9.0'

settings:
  autoInstallPeers: true
  excludeLinksFromLockfile: false

importers:

  .:
    dependencies:
      '@hono/node-server':
        specifier: ^1.13.1
        version: 1.19.4(hono@4.9.8)
      hono:
        specifier: ^4.6.3
        version: 4.9.8

packages:

  '@hono/node-server@1.19.4':
    resolution: {integrity: sha512-AWKQZ/YkHUBSHeL/5Ld8FWgUs6wFf4TxGYxqp9wLZxRdFuHBpXmgOq+CuDoL4vllkZLzovCf5HBJnypiy3EtHA==}
    engines: {node: '>=18.14.1'}
    peerDependencies:
      hono: ^4

  hono@4.9.8:
    resolution: {integrity: sha512-JW8Bb4RFWD9iOKxg5PbUarBYGM99IcxFl2FPBo2gSJO11jjUDqlP1Bmfyqt8Z/dGhIQ63PMA9LdcLefXyIasyg==}
    engines: {node: '>=16.9.0'}

snapshots:

  '@hono/node-server@1.19.4(hono@4.9.8)':
    dependencies:
      hono: 4.9.8

  hono@4.9.8: {}
